
Microsoft Visual Studio Solution File, Format Version 12.00
# Visual Studio Version 16
VisualStudioVersion = 16.0.34601.136
MinimumVisualStudioVersion = 10.0.40219.1
Project("{FAE04EC0-301F-11D3-BF4B-00C04F79EFBC}") = "ООП", "ООП.csproj", "{3B8E786F-6192-4991-B61E-2343E5EBCACA}"
EndProject
Global
	GlobalSection(SolutionConfigurationPlatforms) = preSolution
		Debug|Any CPU = Debug|Any CPU
		Release|Any CPU = Release|Any CPU
	EndGlobalSection
	GlobalSection(ProjectConfigurationPlatforms) = postSolution
		{3B8E786F-6192-4991-B61E-2343E5EBCACA}.Debug|Any CPU.ActiveCfg = Debug|Any CPU
		{3B8E786F-6192-4991-B61E-2343E5EBCACA}.Debug|Any CPU.Build.0 = Debug|Any CPU
		{3B8E786F-6192-4991-B61E-2343E5EBCACA}.Release|Any CPU.ActiveCfg = Release|Any CPU
		{3B8E786F-6192-4991-B61E-2343E5EBCACA}.Release|Any CPU.Build.0 = Release|Any CPU
	EndGlobalSection
	GlobalSection(SolutionProperties) = preSolution
		HideSolutionNode = FALSE
	EndGlobalSection
	GlobalSection(ExtensibilityGlobals) = postSolution
		SolutionGuid = {62862733-85EF-4943-8739-6B7ABFC95827}
	EndGlobalSection
EndGlobal
